
Microsoft Visual Studio Solution File, Format Version 12.00
# Visual Studio Version 17
VisualStudioVersion = 17.1.32414.318
MinimumVisualStudioVersion = 10.0.40219.1
Project("{FAE04EC0-301F-11D3-BF4B-00C04F79EFBC}") = "Shop", "Shop\Shop.csproj", "{6DD34EA4-E2B6-4028-8C9F-00992C8A315F}"
EndProject
Global
	GlobalSection(SolutionConfigurationPlatforms) = preSolution
		Debug|Any CPU = Debug|Any CPU
		Release|Any CPU = Release|Any CPU
	EndGlobalSection
	GlobalSection(ProjectConfigurationPlatforms) = postSolution
		{6DD34EA4-E2B6-4028-8C9F-00992C8A315F}.Debug|Any CPU.ActiveCfg = Debug|Any CPU
		{6DD34EA4-E2B6-4028-8C9F-00992C8A315F}.Debug|Any CPU.Build.0 = Debug|Any CPU
		{6DD34EA4-E2B6-4028-8C9F-00992C8A315F}.Release|Any CPU.ActiveCfg = Release|Any CPU
		{6DD34EA4-E2B6-4028-8C9F-00992C8A315F}.Release|Any CPU.Build.0 = Release|Any CPU
	EndGlobalSection
	GlobalSection(SolutionProperties) = preSolution
		HideSolutionNode = FALSE
	EndGlobalSection
	GlobalSection(ExtensibilityGlobals) = postSolution
		SolutionGuid = {4E669228-C52D-4057-A139-A351A7D3A899}
	EndGlobalSection
EndGlobal
